Microsoft Visual Studio Solution File, Format Version 12.00
# Visual Studio Version 17
VisualStudioVersion = 17.5.2.0
MinimumVisualStudioVersion = 10.0.40219.1
Project("{2150E333-8FDC-42A3-9474-1A3956D46DE8}") = "dotnet", "dotnet", "{71E6E750-85FD-B5BC-4321-E01377EC6231}"
EndProject
Project("{2150E333-8FDC-42A3-9474-1A3956D46DE8}") = "src", "src", "{D90AB541-7400-80B1-A0B4-F58D0D439F55}"
EndProject
Project("{FAE04EC0-301F-11D3-BF4B-00C04F79EFBC}") = "Azure.WebJobs.Extensions.SQS", "dotnet\src\Azure.WebJobs.Extensions.SQS\Azure.WebJobs.Extensions.SQS.csproj", "{AE398286-AE2A-ED12-D514-7462B795C0B9}"
EndProject
Project("{FAE04EC0-301F-11D3-BF4B-00C04F79EFBC}") = "Azure.Functions.Worker.Extensions.SQS", "dotnet\src\Azure.Functions.Worker.Extensions.SQS\Azure.Functions.Worker.Extensions.SQS.csproj", "{3C8E822F-CB56-12F7-C18E-91DE1ECBBBA5}"
EndProject
Project("{2150E333-8FDC-42A3-9474-1A3956D46DE8}") = "test", "test", "{59093A18-BFFD-2A34-BC0D-C57A41E27CDA}"
EndProject
Project("{FAE04EC0-301F-11D3-BF4B-00C04F79EFBC}") = "Extensions.SQS.Test.Isolated", "dotnet\test\Extensions.SQS.Test.Isolated\Extensions.SQS.Test.Isolated.csproj", "{214AC1E9-F904-DCEC-F9FF-DE31949923E8}"
EndProject
Project("{FAE04EC0-301F-11D3-BF4B-00C04F79EFBC}") = "Extensions.SQS.Test.InProcess", "dotnet\test\Extensions.SQS.Test.InProcess\Extensions.SQS.Test.InProcess.csproj", "{89F2CE2A-CDDF-E732-BA27-0FFDCE4EBE14}"
EndProject
Global
	GlobalSection(SolutionConfigurationPlatforms) = preSolution
		Debug|Any CPU = Debug|Any CPU
		Release|Any CPU = Release|Any CPU
	EndGlobalSection
	GlobalSection(ProjectConfigurationPlatforms) = postSolution
		{AE398286-AE2A-ED12-D514-7462B795C0B9}.Debug|Any CPU.ActiveCfg = Debug|Any CPU
		{AE398286-AE2A-ED12-D514-7462B795C0B9}.Debug|Any CPU.Build.0 = Debug|Any CPU
		{AE398286-AE2A-ED12-D514-7462B795C0B9}.Release|Any CPU.ActiveCfg = Release|Any CPU
		{AE398286-AE2A-ED12-D514-7462B795C0B9}.Release|Any CPU.Build.0 = Release|Any CPU
		{3C8E822F-CB56-12F7-C18E-91DE1ECBBBA5}.Debug|Any CPU.ActiveCfg = Debug|Any CPU
		{3C8E822F-CB56-12F7-C18E-91DE1ECBBBA5}.Debug|Any CPU.Build.0 = Debug|Any CPU
		{3C8E822F-CB56-12F7-C18E-91DE1ECBBBA5}.Release|Any CPU.ActiveCfg = Release|Any CPU
		{3C8E822F-CB56-12F7-C18E-91DE1ECBBBA5}.Release|Any CPU.Build.0 = Release|Any CPU
		{214AC1E9-F904-DCEC-F9FF-DE31949923E8}.Debug|Any CPU.ActiveCfg = Debug|Any CPU
		{214AC1E9-F904-DCEC-F9FF-DE31949923E8}.Debug|Any CPU.Build.0 = Debug|Any CPU
		{214AC1E9-F904-DCEC-F9FF-DE31949923E8}.Release|Any CPU.ActiveCfg = Release|Any CPU
		{214AC1E9-F904-DCEC-F9FF-DE31949923E8}.Release|Any CPU.Build.0 = Release|Any CPU
		{89F2CE2A-CDDF-E732-BA27-0FFDCE4EBE14}.Debug|Any CPU.ActiveCfg = Debug|Any CPU
		{89F2CE2A-CDDF-E732-BA27-0FFDCE4EBE14}.Debug|Any CPU.Build.0 = Debug|Any CPU
		{89F2CE2A-CDDF-E732-BA27-0FFDCE4EBE14}.Release|Any CPU.ActiveCfg = Release|Any CPU
		{89F2CE2A-CDDF-E732-BA27-0FFDCE4EBE14}.Release|Any CPU.Build.0 = Release|Any CPU
	EndGlobalSection
	GlobalSection(SolutionProperties) = preSolution
		HideSolutionNode = FALSE
	EndGlobalSection
	GlobalSection(NestedProjects) = preSolution
		{D90AB541-7400-80B1-A0B4-F58D0D439F55} = {71E6E750-85FD-B5BC-4321-E01377EC6231}
		{AE398286-AE2A-ED12-D514-7462B795C0B9} = {D90AB541-7400-80B1-A0B4-F58D0D439F55}
		{3C8E822F-CB56-12F7-C18E-91DE1ECBBBA5} = {D90AB541-7400-80B1-A0B4-F58D0D439F55}
		{59093A18-BFFD-2A34-BC0D-C57A41E27CDA} = {71E6E750-85FD-B5BC-4321-E01377EC6231}
		{214AC1E9-F904-DCEC-F9FF-DE31949923E8} = {59093A18-BFFD-2A34-BC0D-C57A41E27CDA}
		{89F2CE2A-CDDF-E732-BA27-0FFDCE4EBE14} = {59093A18-BFFD-2A34-BC0D-C57A41E27CDA}
	EndGlobalSection
	GlobalSection(ExtensibilityGlobals) = postSolution
		SolutionGuid = {8310A90D-89BE-4EEA-AFB2-007740CF62B2}
	EndGlobalSection
EndGlobal
